// !$*UTF8*$!
{
	archiveVersion = 1;
	classes = {
	};
	objectVersion = 46;
	objects = {

/* Begin PBXBuildFile section */
		70FFE82C1933FD59008D62C6 /* Foundation.framework in Frameworks */ = {isa = PBXBuildFile; fileRef = 70FFE82B1933FD59008D62C6 /* Foundation.framework */; };
		70FFE82E1933FD59008D62C6 /* CoreGraphics.framework in Frameworks */ = {isa = PBXBuildFile; fileRef = 70FFE82D1933FD59008D62C6 /* CoreGraphics.framework */; };
		70FFE8301933FD59008D62C6 /* UIKit.framework in Frameworks */ = {isa = PBXBuildFile; fileRef = 70FFE82F1933FD59008D62C6 /* UIKit.framework */; };
		70FFE8361933FD59008D62C6 /* InfoPlist.strings in Resources */ = {isa = PBXBuildFile; fileRef = 70FFE8341933FD59008D62C6 /* InfoPlist.strings */; };
		70FFE8381933FD59008D62C6 /* main.m in Sources */ = {isa = PBXBuildFile; fileRef = 70FFE8371933FD59008D62C6 /* main.m */; };
		70FFE83C1933FD59008D62C6 /* AppDelegate.m in Sources */ = {isa = PBXBuildFile; fileRef = 70FFE83B1933FD59008D62C6 /* AppDelegate.m */; };
		70FFE83F1933FD59008D62C6 /* Main.storyboard in Resources */ = {isa = PBXBuildFile; fileRef = 70FFE83D1933FD59008D62C6 /* Main.storyboard */; };
		70FFE8421933FD59008D62C6 /* ViewController.m in Sources */ = {isa = PBXBuildFile; fileRef = 70FFE8411933FD59008D62C6 /* ViewController.m */; };
		70FFE8441933FD59008D62C6 /* Images.xcassets in Resources */ = {isa = PBXBuildFile; fileRef = 70FFE8431933FD59008D62C6 /* Images.xcassets */; };
		70FFE84B1933FD59008D62C6 /* XCTest.framework in Frameworks */ = {isa = PBXBuildFile; fileRef = 70FFE84A1933FD59008D62C6 /* XCTest.framework */; };
		70FFE84C1933FD59008D62C6 /* Foundation.framework in Frameworks */ = {isa = PBXBuildFile; fileRef = 70FFE82B1933FD59008D62C6 /* Foundation.framework */; };
		70FFE84D1933FD59008D62C6 /* UIKit.framework in Frameworks */ = {isa = PBXBuildFile; fileRef = 70FFE82F1933FD59008D62C6 /* UIKit.framework */; };
		70FFE8551933FD59008D62C6 /* InfoPlist.strings in Resources */ = {isa = PBXBuildFile; fileRef = 70FFE8531933FD59008D62C6 /* InfoPlist.strings */; };
		70FFE8571933FD59008D62C6 /* PeoplePickerTestTests.m in Sources */ = {isa = PBXBuildFile; fileRef = 70FFE8561933FD59008D62C6 /* PeoplePickerTestTests.m */; };
/* End PBXBuildFile section */

/* Begin PBXContainerItemProxy section */
		70FFE84E1933FD59008D62C6 /* PBXContainerItemProxy */ = {
			isa = PBXContainerItemProxy;
			containerPortal = 70FFE8201933FD59008D62C6 /* Project object */;
			proxyType = 1;
			remoteGlobalIDString = 70FFE8271933FD59008D62C6;
			remoteInfo = PeoplePickerTest;
		};
/* End PBXContainerItemProxy section */

/* Begin PBXFileReference section */
		70FFE8281933FD59008D62C6 /* PeoplePickerTest.app */ = {isa = PBXFileReference; explicitFileType = wrapper.application; includeInIndex = 0; path = PeoplePickerTest.app; sourceTree = BUILT_PRODUCTS_DIR; };
		70FFE82B1933FD59008D62C6 /* Foundation.framework */ = {isa = PBXFileReference; lastKnownFileType = wrapper.framework; name = Foundation.framework; path = System/Library/Frameworks/Foundation.framework; sourceTree = SDKROOT; };
		70FFE82D1933FD59008D62C6 /* CoreGraphics.framework */ = {isa = PBXFileReference; lastKnownFileType = wrapper.framework; name = CoreGraphics.framework; path = System/Library/Frameworks/CoreGraphics.framework; sourceTree = SDKROOT; };
		70FFE82F1933FD59008D62C6 /* UIKit.framework */ = {isa = PBXFileReference; lastKnownFileType = wrapper.framework; name = UIKit.framework; path = System/Library/Frameworks/UIKit.framework; sourceTree = SDKROOT; };
		70FFE8331933FD59008D62C6 /* PeoplePickerTest-Info.plist */ = {isa = PBXFileReference; lastKnownFileType = text.plist.xml; path = "PeoplePickerTest-Info.plist"; sourceTree = "<group>"; };
		70FFE8351933FD59008D62C6 /* en */ = {isa = PBXFileReference; lastKnownFileType = text.plist.strings; name = en; path = en.lproj/InfoPlist.strings; sourceTree = "<group>"; };
		70FFE8371933FD59008D62C6 /* main.m */ = {isa = PBXFileReference; lastKnownFileType = sourcecode.c.objc; path = main.m; sourceTree = "<group>"; };
		70FFE8391933FD59008D62C6 /* PeoplePickerTest-Prefix.pch */ = {isa = PBXFileReference; lastKnownFileType = sourcecode.c.h; path = "PeoplePickerTest-Prefix.pch"; sourceTree = "<group>"; };
		70FFE83A1933FD59008D62C6 /* AppDelegate.h */ = {isa = PBXFileReference; lastKnownFileType = sourcecode.c.h; path = AppDelegate.h; sourceTree = "<group>"; };
		70FFE83B1933FD59008D62C6 /* AppDelegate.m */ = {isa = PBXFileReference; lastKnownFileType = sourcecode.c.objc; path = AppDelegate.m; sourceTree = "<group>"; };
		70FFE83E1933FD59008D62C6 /* Base */ = {isa = PBXFileReference; lastKnownFileType = file.storyboard; name = Base; path = Base.lproj/Main.storyboard; sourceTree = "<group>"; };
		70FFE8401933FD59008D62C6 /* ViewController.h */ = {isa = PBXFileReference; lastKnownFileType = sourcecode.c.h; path = ViewController.h; sourceTree = "<group>"; };
		70FFE8411933FD59008D62C6 /* ViewController.m */ = {isa = PBXFileReference; lastKnownFileType = sourcecode.c.objc; path = ViewController.m; sourceTree = "<group>"; };
		70FFE8431933FD59008D62C6 /* Images.xcassets */ = {isa = PBXFileReference; lastKnownFileType = folder.assetcatalog; path = Images.xcassets; sourceTree = "<group>"; };
		70FFE8491933FD59008D62C6 /* PeoplePickerTestTests.xctest */ = {isa = PBXFileReference; explicitFileType = wrapper.cfbundle; includeInIndex = 0; path = PeoplePickerTestTests.xctest; sourceTree = BUILT_PRODUCTS_DIR; };
		70FFE84A1933FD59008D62C6 /* XCTest.framework */ = {isa = PBXFileReference; lastKnownFileType = wrapper.framework; name = XCTest.framework; path = Library/Frameworks/XCTest.framework; sourceTree = DEVELOPER_DIR; };
		70FFE8521933FD59008D62C6 /* PeoplePickerTestTests-Info.plist */ = {isa = PBXFileReference; lastKnownFileType = text.plist.xml; path = "PeoplePickerTestTests-Info.plist"; sourceTree = "<group>"; };
		70FFE8541933FD59008D62C6 /* en */ = {isa = PBXFileReference; lastKnownFileType = text.plist.strings; name = en; path = en.lproj/InfoPlist.strings; sourceTree = "<group>"; };
		70FFE8561933FD59008D62C6 /* PeoplePickerTestTests.m */ = {isa = PBXFileReference; lastKnownFileType = sourcecode.c.objc; path = PeoplePickerTestTests.m; sourceTree = "<group>"; };
/* End PBXFileReference section */

/* Begin PBXFrameworksBuildPhase section */
		70FFE8251933FD59008D62C6 /* Frameworks */ = {
			isa = PBXFrameworksBuildPhase;
			buildActionMask = 2147483647;
			files = (
				70FFE82E1933FD59008D62C6 /* CoreGraphics.framework in Frameworks */,
				70FFE8301933FD59008D62C6 /* UIKit.framework in Frameworks */,
				70FFE82C1933FD59008D62C6 /* Foundation.framework in Frameworks */,
			);
			runOnlyForDeploymentPostprocessing = 0;
		};
		70FFE8461933FD59008D62C6 /* Frameworks */ = {
			isa = PBXFrameworksBuildPhase;
			buildActionMask = 2147483647;
			files = (
				70FFE84B1933FD59008D62C6 /* XCTest.framework in Frameworks */,
				70FFE84D1933FD59008D62C6 /* UIKit.framework in Frameworks */,
				70FFE84C1933FD59008D62C6 /* Foundation.framework in Frameworks */,
			);
			runOnlyForDeploymentPostprocessing = 0;
		};
/* End PBXFrameworksBuildPhase section */

/* Begin PBXGroup section */
		70FFE81F1933FD59008D62C6 = {
			isa = PBXGroup;
			children = (
				70FFE8311933FD59008D62C6 /* PeoplePickerTest */,
				70FFE8501933FD59008D62C6 /* PeoplePickerTestTests */,
				70FFE82A1933FD59008D62C6 /* Frameworks */,
				70FFE8291933FD59008D62C6 /* Products */,
			);
			sourceTree = "<group>";
		};
		70FFE8291933FD59008D62C6 /* Products */ = {
			isa = PBXGroup;
			children = (
				70FFE8281933FD59008D62C6 /* PeoplePickerTest.app */,
				70FFE8491933FD59008D62C6 /* PeoplePickerTestTests.xctest */,
			);
			name = Products;
			sourceTree = "<group>";
		};
		70FFE82A1933FD59008D62C6 /* Frameworks */ = {
			isa = PBXGroup;
			children = (
				70FFE82B1933FD59008D62C6 /* Foundation.framework */,
				70FFE82D1933FD59008D62C6 /* CoreGraphics.framework */,
				70FFE82F1933FD59008D62C6 /* UIKit.framework */,
				70FFE84A1933FD59008D62C6 /* XCTest.framework */,
			);
			name = Frameworks;
			sourceTree = "<group>";
		};
		70FFE8311933FD59008D62C6 /* PeoplePickerTest */ = {
			isa = PBXGroup;
			children = (
				70FFE83A1933FD59008D62C6 /* AppDelegate.h */,
				70FFE83B1933FD59008D62C6 /* AppDelegate.m */,
				70FFE83D1933FD59008D62C6 /* Main.storyboard */,
				70FFE8401933FD59008D62C6 /* ViewController.h */,
				70FFE8411933FD59008D62C6 /* ViewController.m */,
				70FFE8431933FD59008D62C6 /* Images.xcassets */,
				70FFE8321933FD59008D62C6 /* Supporting Files */,
			);
			path = PeoplePickerTest;
			sourceTree = "<group>";
		};
		70FFE8321933FD59008D62C6 /* Supporting Files */ = {
			isa = PBXGroup;
			children = (
				70FFE8331933FD59008D62C6 /* PeoplePickerTest-Info.plist */,
				70FFE8341933FD59008D62C6 /* InfoPlist.strings */,
				70FFE8371933FD59008D62C6 /* main.m */,
				70FFE8391933FD59008D62C6 /* PeoplePickerTest-Prefix.pch */,
			);
			name = "Supporting Files";
			sourceTree = "<group>";
		};
		70FFE8501933FD59008D62C6 /* PeoplePickerTestTests */ = {
			isa = PBXGroup;
			children = (
				70FFE8561933FD59008D62C6 /* PeoplePickerTestTests.m */,
				70FFE8511933FD59008D62C6 /* Supporting Files */,
			);
			path = PeoplePickerTestTests;
			sourceTree = "<group>";
		};
		70FFE8511933FD59008D62C6 /* Supporting Files */ = {
			isa = PBXGroup;
			children = (
				70FFE8521933FD59008D62C6 /* PeoplePickerTestTests-Info.plist */,
				70FFE8531933FD59008D62C6 /* InfoPlist.strings */,
			);
			name = "Supporting Files";
			sourceTree = "<group>";
		};
/* End PBXGroup section */

/* Begin PBXNativeTarget section */
		70FFE8271933FD59008D62C6 /* PeoplePickerTest */ = {
			isa = PBXNativeTarget;
			buildConfigurationList = 70FFE85A1933FD59008D62C6 /* Build configuration list for PBXNativeTarget "PeoplePickerTest" */;
			buildPhases = (
				70FFE8241933FD59008D62C6 /* Sources */,
				70FFE8251933FD59008D62C6 /* Frameworks */,
				70FFE8261933FD59008D62C6 /* Resources */,
			);
			buildRules = (
			);
			dependencies = (
			);
			name = PeoplePickerTest;
			productName = PeoplePickerTest;
			productReference = 70FFE8281933FD59008D62C6 /* PeoplePickerTest.app */;
			productType = "com.apple.product-type.application";
		};
		70FFE8481933FD59008D62C6 /* PeoplePickerTestTests */ = {
			isa = PBXNativeTarget;
			buildConfigurationList = 70FFE85D1933FD59008D62C6 /* Build configuration list for PBXNativeTarget "PeoplePickerTestTests" */;
			buildPhases = (
				70FFE8451933FD59008D62C6 /* Sources */,
				70FFE8461933FD59008D62C6 /* Frameworks */,
				70FFE8471933FD59008D62C6 /* Resources */,
			);
			buildRules = (
			);
			dependencies = (
				70FFE84F1933FD59008D62C6 /* PBXTargetDependency */,
			);
			name = PeoplePickerTestTests;
			productName = PeoplePickerTestTests;
			productReference = 70FFE8491933FD59008D62C6 /* PeoplePickerTestTests.xctest */;
			productType = "com.apple.product-type.bundle.unit-test";
		};
/* End PBXNativeTarget section */

/* Begin PBXProject section */
		70FFE8201933FD59008D62C6 /* Project object */ = {
			isa = PBXProject;
			attributes = {
				LastUpgradeCheck = 0510;
				ORGANIZATIONNAME = noOrg;
				TargetAttributes = {
					70FFE8481933FD59008D62C6 = {
						TestTargetID = 70FFE8271933FD59008D62C6;
					};
				};
			};
			buildConfigurationList = 70FFE8231933FD59008D62C6 /* Build configuration list for PBXProject "PeoplePickerTest" */;
			compatibilityVersion = "Xcode 3.2";
			developmentRegion = English;
			hasScannedForEncodings = 0;
			knownRegions = (
				en,
				Base,
			);
			mainGroup = 70FFE81F1933FD59008D62C6;
			productRefGroup = 70FFE8291933FD59008D62C6 /* Products */;
			projectDirPath = "";
			projectRoot = "";
			targets = (
				70FFE8271933FD59008D62C6 /* PeoplePickerTest */,
				70FFE8481933FD59008D62C6 /* PeoplePickerTestTests */,
			);
		};
/* End PBXProject section */

/* Begin PBXResourcesBuildPhase section */
		70FFE8261933FD59008D62C6 /* Resources */ = {
			isa = PBXResourcesBuildPhase;
			buildActionMask = 2147483647;
			files = (
				70FFE8441933FD59008D62C6 /* Images.xcassets in Resources */,
				70FFE8361933FD59008D62C6 /* InfoPlist.strings in Resources */,
				70FFE83F1933FD59008D62C6 /* Main.storyboard in Resources */,
			);
			runOnlyForDeploymentPostprocessing = 0;
		};
		70FFE8471933FD59008D62C6 /* Resources */ = {
			isa = PBXResourcesBuildPhase;
			buildActionMask = 2147483647;
			files = (
				70FFE8551933FD59008D62C6 /* InfoPlist.strings in Resources */,
			);
			runOnlyForDeploymentPostprocessing = 0;
		};
/* End PBXResourcesBuildPhase section */

/* Begin PBXSourcesBuildPhase section */
		70FFE8241933FD59008D62C6 /* Sources */ = {
			isa = PBXSourcesBuildPhase;
			buildActionMask = 2147483647;
			files = (
				70FFE8421933FD59008D62C6 /* ViewController.m in Sources */,
				70FFE83C1933FD59008D62C6 /* AppDelegate.m in Sources */,
				70FFE8381933FD59008D62C6 /* main.m in Sources */,
			);
			runOnlyForDeploymentPostprocessing = 0;
		};
		70FFE8451933FD59008D62C6 /* Sources */ = {
			isa = PBXSourcesBuildPhase;
			buildActionMask = 2147483647;
			files = (
				70FFE8571933FD59008D62C6 /* PeoplePickerTestTests.m in Sources */,
			);
			runOnlyForDeploymentPostprocessing = 0;
		};
/* End PBXSourcesBuildPhase section */

/* Begin PBXTargetDependency section */
		70FFE84F1933FD59008D62C6 /* PBXTargetDependency */ = {
			isa = PBXTargetDependency;
			target = 70FFE8271933FD59008D62C6 /* PeoplePickerTest */;
			targetProxy = 70FFE84E1933FD59008D62C6 /* PBXContainerItemProxy */;
		};
/* End PBXTargetDependency section */

/* Begin PBXVariantGroup section */
		70FFE8341933FD59008D62C6 /* InfoPlist.strings */ = {
			isa = PBXVariantGroup;
			children = (
				70FFE8351933FD59008D62C6 /* en */,
			);
			name = InfoPlist.strings;
			sourceTree = "<group>";
		};
		70FFE83D1933FD59008D62C6 /* Main.storyboard */ = {
			isa = PBXVariantGroup;
			children = (
				70FFE83E1933FD59008D62C6 /* Base */,
			);
			name = Main.storyboard;
			sourceTree = "<group>";
		};
		70FFE8531933FD59008D62C6 /* InfoPlist.strings */ = {
			isa = PBXVariantGroup;
			children = (
				70FFE8541933FD59008D62C6 /* en */,
			);
			name = InfoPlist.strings;
			sourceTree = "<group>";
		};
/* End PBXVariantGroup section */

/* Begin XCBuildConfiguration section */
		70FFE8581933FD59008D62C6 /* Debug */ = {
			isa = XCBuildConfiguration;
			buildSettings = {
				ALWAYS_SEARCH_USER_PATHS = NO;
				CLANG_CXX_LANGUAGE_STANDARD = "gnu++0x";
				CLANG_CXX_LIBRARY = "libc++";
				CLANG_ENABLE_MODULES = YES;
				CLANG_ENABLE_OBJC_ARC = YES;
				CLANG_WARN_BOOL_CONVERSION = YES;
				CLANG_WARN_CONSTANT_CONVERSION = YES;
				CLANG_WARN_DIRECT_OBJC_ISA_USAGE = YES_ERROR;
				CLANG_WARN_EMPTY_BODY = YES;
				CLANG_WARN_ENUM_CONVERSION = YES;
				CLANG_WARN_INT_CONVERSION = YES;
				CLANG_WARN_OBJC_ROOT_CLASS = YES_ERROR;
				CLANG_WARN__DUPLICATE_METHOD_MATCH = YES;
				"CODE_SIGN_IDENTITY[sdk=iphoneos*]" = "iPhone Developer";
				COPY_PHASE_STRIP = NO;
				GCC_C_LANGUAGE_STANDARD = gnu99;
				GCC_DYNAMIC_NO_PIC = NO;
				GCC_OPTIMIZATION_LEVEL = 0;
				GCC_PREPROCESSOR_DEFINITIONS = (
					"DEBUG=1",
					"$(inherited)",
				);
				GCC_SYMBOLS_PRIVATE_EXTERN = NO;
				GCC_WARN_64_TO_32_BIT_CONVERSION = YES;
				GCC_WARN_ABOUT_RETURN_TYPE = YES_ERROR;
				GCC_WARN_UNDECLARED_SELECTOR = YES;
				GCC_WARN_UNINITIALIZED_AUTOS = YES_AGGRESSIVE;
				GCC_WARN_UNUSED_FUNCTION = YES;
				GCC_WARN_UNUSED_VARIABLE = YES;
				IPHONEOS_DEPLOYMENT_TARGET = 7.1;
				ONLY_ACTIVE_ARCH = YES;
				SDKROOT = iphoneos;
			};
			name = Debug;
		};
		70FFE8591933FD59008D62C6 /* Release */ = {
			isa = XCBuildConfiguration;
			buildSettings = {
				ALWAYS_SEARCH_USER_PATHS = NO;
				CLANG_CXX_LANGUAGE_STANDARD = "gnu++0x";
				CLANG_CXX_LIBRARY = "libc++";
				CLANG_ENABLE_MODULES = YES;
				CLANG_ENABLE_OBJC_ARC = YES;
				CLANG_WARN_BOOL_CONVERSION = YES;
				CLANG_WARN_CONSTANT_CONVERSION = YES;
				CLANG_WARN_DIRECT_OBJC_ISA_USAGE = YES_ERROR;
				CLANG_WARN_EMPTY_BODY = YES;
				CLANG_WARN_ENUM_CONVERSION = YES;
				CLANG_WARN_INT_CONVERSION = YES;
				CLANG_WARN_OBJC_ROOT_CLASS = YES_ERROR;
				CLANG_WARN__DUPLICATE_METHOD_MATCH = YES;
				"CODE_SIGN_IDENTITY[sdk=iphoneos*]" = "iPhone Developer";
				COPY_PHASE_STRIP = YES;
				ENABLE_NS_ASSERTIONS = NO;
				GCC_C_LANGUAGE_STANDARD = gnu99;
				GCC_WARN_64_TO_32_BIT_CONVERSION = YES;
				GCC_WARN_ABOUT_RETURN_TYPE = YES_ERROR;
				GCC_WARN_UNDECLARED_SELECTOR = YES;
				GCC_WARN_UNINITIALIZED_AUTOS = YES_AGGRESSIVE;
				GCC_WARN_UNUSED_FUNCTION = YES;
				GCC_WARN_UNUSED_VARIABLE = YES;
				IPHONEOS_DEPLOYMENT_TARGET = 7.1;
				SDKROOT = iphoneos;
				VALIDATE_PRODUCT = YES;
			};
			name = Release;
		};
		70FFE85B1933FD59008D62C6 /* Debug */ = {
			isa = XCBuildConfiguration;
			buildSettings = {
				ASSETCATALOG_COMPILER_APPICON_NAME = AppIcon;
				ASSETCATALOG_COMPILER_LAUNCHIMAGE_NAME = LaunchImage;
				GCC_PRECOMPILE_PREFIX_HEADER = YES;
				GCC_PREFIX_HEADER = "PeoplePickerTest/PeoplePickerTest-Prefix.pch";
				INFOPLIST_FILE = "PeoplePickerTest/PeoplePickerTest-Info.plist";
				PRODUCT_NAME = "$(TARGET_NAME)";
				WRAPPER_EXTENSION = app;
			};
			name = Debug;
		};
		70FFE85C1933FD59008D62C6 /* Release */ = {
			isa = XCBuildConfiguration;
			buildSettings = {
				ASSETCATALOG_COMPILER_APPICON_NAME = AppIcon;
				ASSETCATALOG_COMPILER_LAUNCHIMAGE_NAME = LaunchImage;
				GCC_PRECOMPILE_PREFIX_HEADER = YES;
				GCC_PREFIX_HEADER = "PeoplePickerTest/PeoplePickerTest-Prefix.pch";
				INFOPLIST_FILE = "PeoplePickerTest/PeoplePickerTest-Info.plist";
				PRODUCT_NAME = "$(TARGET_NAME)";
				WRAPPER_EXTENSION = app;
			};
			name = Release;
		};
		70FFE85E1933FD59008D62C6 /* Debug */ = {
			isa = XCBuildConfiguration;
			buildSettings = {
				BUNDLE_LOADER = "$(BUILT_PRODUCTS_DIR)/PeoplePickerTest.app/PeoplePickerTest";
				FRAMEWORK_SEARCH_PATHS = (
					"$(SDKROOT)/Developer/Library/Frameworks",
					"$(inherited)",
					"$(DEVELOPER_FRAMEWORKS_DIR)",
				);
				GCC_PRECOMPILE_PREFIX_HEADER = YES;
				GCC_PREFIX_HEADER = "PeoplePickerTest/PeoplePickerTest-Prefix.pch";
				GCC_PREPROCESSOR_DEFINITIONS = (
					"DEBUG=1",
					"$(inherited)",
				);
				INFOPLIST_FILE = "PeoplePickerTestTests/PeoplePickerTestTests-Info.plist";
				PRODUCT_NAME = "$(TARGET_NAME)";
				TEST_HOST = "$(BUNDLE_LOADER)";
				WRAPPER_EXTENSION = xctest;
			};
			name = Debug;
		};
		70FFE85F1933FD59008D62C6 /* Release */ = {
			isa = XCBuildConfiguration;
			buildSettings = {
				BUNDLE_LOADER = "$(BUILT_PRODUCTS_DIR)/PeoplePickerTest.app/PeoplePickerTest";
				FRAMEWORK_SEARCH_PATHS = (
					"$(SDKROOT)/Developer/Library/Frameworks",
					"$(inherited)",
					"$(DEVELOPER_FRAMEWORKS_DIR)",
				);
				GCC_PRECOMPILE_PREFIX_HEADER = YES;
				GCC_PREFIX_HEADER = "PeoplePickerTest/PeoplePickerTest-Prefix.pch";
				INFOPLIST_FILE = "PeoplePickerTestTests/PeoplePickerTestTests-Info.plist";
				PRODUCT_NAME = "$(TARGET_NAME)";
				TEST_HOST = "$(BUNDLE_LOADER)";
				WRAPPER_EXTENSION = xctest;
			};
			name = Release;
		};
/* End XCBuildConfiguration section */

/* Begin XCConfigurationList section */
		70FFE8231933FD59008D62C6 /* Build configuration list for PBXProject "PeoplePickerTest" */ = {
			isa = XCConfigurationList;
			buildConfigurations = (
				70FFE8581933FD59008D62C6 /* Debug */,
				70FFE8591933FD59008D62C6 /* Release */,
			);
			defaultConfigurationIsVisible = 0;
			defaultConfigurationName = Release;
		};
		70FFE85A1933FD59008D62C6 /* Build configuration list for PBXNativeTarget "PeoplePickerTest" */ = {
			isa = XCConfigurationList;
			buildConfigurations = (
				70FFE85B1933FD59008D62C6 /* Debug */,
				70FFE85C1933FD59008D62C6 /* Release */,
			);
			defaultConfigurationIsVisible = 0;
		};
		70FFE85D1933FD59008D62C6 /* Build configuration list for PBXNativeTarget "PeoplePickerTestTests" */ = {
			isa = XCConfigurationList;
			buildConfigurations = (
				70FFE85E1933FD59008D62C6 /* Debug */,
				70FFE85F1933FD59008D62C6 /* Release */,
			);
			defaultConfigurationIsVisible = 0;
		};
/* End XCConfigurationList section */
	};
	rootObject = 70FFE8201933FD59008D62C6 /* Project object */;
}
